
Microsoft Visual Studio Solution File, Format Version 12.00
# Visual Studio 2013
VisualStudioVersion = 12.0.31101.0
MinimumVisualStudioVersion = 10.0.40219.1
Project("{FAE04EC0-301F-11D3-BF4B-00C04F79EFBC}") = "ImageExtract", "ImageExtract\ImageExtract.csproj", "{01C3058E-5995-4DE8-BE4F-D65A86693505}"
EndProject
Project("{FAE04EC0-301F-11D3-BF4B-00C04F79EFBC}") = "ImageExtractUnitTests", "ImageExtractUnitTests\ImageExtractUnitTests.csproj", "{FBC73B30-0E5A-484C-B087-ABFEFB755D76}"
EndProject
Project("{FAE04EC0-301F-11D3-BF4B-00C04F79EFBC}") = "CustomControls", "CustomControls\CustomControls.csproj", "{C84CCEA3-172F-43F5-86DC-663ACE59D189}"
EndProject
Global
	GlobalSection(SolutionConfigurationPlatforms) = preSolution
		Debug|Any CPU = Debug|Any CPU
		Release|Any CPU = Release|Any CPU
	EndGlobalSection
	GlobalSection(ProjectConfigurationPlatforms) = postSolution
		{01C3058E-5995-4DE8-BE4F-D65A86693505}.Debug|Any CPU.ActiveCfg = Debug|Any CPU
		{01C3058E-5995-4DE8-BE4F-D65A86693505}.Debug|Any CPU.Build.0 = Debug|Any CPU
		{01C3058E-5995-4DE8-BE4F-D65A86693505}.Release|Any CPU.ActiveCfg = Release|Any CPU
		{01C3058E-5995-4DE8-BE4F-D65A86693505}.Release|Any CPU.Build.0 = Release|Any CPU
		{FBC73B30-0E5A-484C-B087-ABFEFB755D76}.Debug|Any CPU.ActiveCfg = Debug|Any CPU
		{FBC73B30-0E5A-484C-B087-ABFEFB755D76}.Debug|Any CPU.Build.0 = Debug|Any CPU
		{FBC73B30-0E5A-484C-B087-ABFEFB755D76}.Release|Any CPU.ActiveCfg = Release|Any CPU
		{FBC73B30-0E5A-484C-B087-ABFEFB755D76}.Release|Any CPU.Build.0 = Release|Any CPU
		{C84CCEA3-172F-43F5-86DC-663ACE59D189}.Debug|Any CPU.ActiveCfg = Debug|Any CPU
		{C84CCEA3-172F-43F5-86DC-663ACE59D189}.Debug|Any CPU.Build.0 = Debug|Any CPU
		{C84CCEA3-172F-43F5-86DC-663ACE59D189}.Release|Any CPU.ActiveCfg = Release|Any CPU
		{C84CCEA3-172F-43F5-86DC-663ACE59D189}.Release|Any CPU.Build.0 = Release|Any CPU
	EndGlobalSection
	GlobalSection(SolutionProperties) = preSolution
		HideSolutionNode = FALSE
	EndGlobalSection
EndGlobal
